{
  "nodes": {
    "flake-parts": {
      "inputs": {
        "nixpkgs-lib": "nixpkgs-lib"
      },
      "locked": {
        "lastModified": 1772408722,
        "narHash": "sha256-rHuJtdcOjK7rAHpHphUb1iCvgkU3GpfvicLMwwnfMT0=",
        "owner": "hercules-ci",
        "repo": "flake-parts",
        "rev": "f20dc5d9b8027381c474144ecabc9034d6a839a3",
        "type": "github"
      },
      "original": {
        "owner": "hercules-ci",
        "repo": "flake-parts",
        "type": "github"
      }
    },
    "nixpkgs": {
      "locked": {
        "lastModified": 1774106199,
        "narHash": "sha256-US5Tda2sKmjrg2lNHQL3jRQ6p96cgfWh3J1QBliQ8Ws=",
        "owner": "NixOS",
        "repo": "nixpkgs",
        "rev": "6c9a78c09ff4d6c21d0319114873508a6ec01655",
        "type": "github"
      },
      "original": {
        "owner": "NixOS",
        "ref": "nixos-unstable",
        "repo": "nixpkgs",
        "type": "github"
      }
    },
    "nixpkgs-lib": {
      "locked": {
        "lastModified": 1772328832,
        "narHash": "sha256-e+/T/pmEkLP6BHhYjx6GmwP5ivonQQn0bJdH9YrRB+Q=",
        "owner": "nix-community",
        "repo": "nixpkgs.lib",
        "rev": "c185c7a5e5dd8f9add5b2f8ebeff00888b070742",
        "type": "github"
      },
      "original": {
        "owner": "nix-community",
        "repo": "nixpkgs.lib",
        "type": "github"
      }
    },
    "odin-src": {
      "flake": false,
      "locked": {
        "lastModified": 1779020328,
        "narHash": "sha256-/wRzpMxC0+Du4A3CGVq9oAwrGlKvxlDa2ELBAf2MHeM=",
        "owner": "odin-lang",
        "repo": "Odin",
        "rev": "97482f53f47d98e2d0f8fc132fdead6ff2cab432",
        "type": "github"
      },
      "original": {
        "owner": "odin-lang",
        "repo": "Odin",
        "type": "github"
      }
    },
    "ols-src": {
      "flake": false,
      "locked": {
        "lastModified": 1779016072,
        "narHash": "sha256-usqS0EsmweZBQUvvXxL+Ft4wjoFkCqzbZXoSVirfZAo=",
        "owner": "DanielGavin",
        "repo": "ols",
        "rev": "a0c4aa9666b9821dd673df9212c648b8f3e9108d",
        "type": "github"
      },
      "original": {
        "owner": "DanielGavin",
        "repo": "ols",
        "type": "github"
      }
    },
    "root": {
      "inputs": {
        "flake-parts": "flake-parts",
        "nixpkgs": "nixpkgs",
        "odin-src": "odin-src",
        "ols-src": "ols-src"
      }
    }
  },
  "root": "root",
  "version": 7
}
