{
  "nodes": {
    "flake-parts": {
      "inputs": {
        "nixpkgs-lib": "nixpkgs-lib"
      },
      "locked": {
        "lastModified": 1772408722,
        "narHash": "sha256-rHuJtdcOjK7rAHpHphUb1iCvgkU3GpfvicLMwwnfMT0=",
        "owner": "hercules-ci",
        "repo": "flake-parts",
        "rev": "f20dc5d9b8027381c474144ecabc9034d6a839a3",
        "type": "github"
      },
      "original": {
        "owner": "hercules-ci",
        "repo": "flake-parts",
        "type": "github"
      }
    },
    "nixpkgs": {
      "locked": {
        "lastModified": 1774106199,
        "narHash": "sha256-US5Tda2sKmjrg2lNHQL3jRQ6p96cgfWh3J1QBliQ8Ws=",
        "owner": "NixOS",
        "repo": "nixpkgs",
        "rev": "6c9a78c09ff4d6c21d0319114873508a6ec01655",
        "type": "github"
      },
      "original": {
        "owner": "NixOS",
        "ref": "nixos-unstable",
        "repo": "nixpkgs",
        "type": "github"
      }
    },
    "nixpkgs-lib": {
      "locked": {
        "lastModified": 1772328832,
        "narHash": "sha256-e+/T/pmEkLP6BHhYjx6GmwP5ivonQQn0bJdH9YrRB+Q=",
        "owner": "nix-community",
        "repo": "nixpkgs.lib",
        "rev": "c185c7a5e5dd8f9add5b2f8ebeff00888b070742",
        "type": "github"
      },
      "original": {
        "owner": "nix-community",
        "repo": "nixpkgs.lib",
        "type": "github"
      }
    },
    "odin-src": {
      "flake": false,
      "locked": {
        "lastModified": 1784447217,
        "narHash": "sha256-cRL9eItD6NIAjZXBCjH6v+YS7/Bgqiy1mGjjj6kaTJo=",
        "owner": "odin-lang",
        "repo": "Odin",
        "rev": "2c25fb92420bfa31da62e2194b0cc2cb8bd54cf8",
        "type": "github"
      },
      "original": {
        "owner": "odin-lang",
        "repo": "Odin",
        "type": "github"
      }
    },
    "ols-src": {
      "flake": false,
      "locked": {
        "lastModified": 1784322356,
        "narHash": "sha256-DmSbII+v34SbpBrv0trDIfCPuoTT+yMuVMduilzvR7k=",
        "owner": "DanielGavin",
        "repo": "ols",
        "rev": "67ec8eae3cd6898a05ce1b1f6d632c2dafa197aa",
        "type": "github"
      },
      "original": {
        "owner": "DanielGavin",
        "repo": "ols",
        "type": "github"
      }
    },
    "root": {
      "inputs": {
        "flake-parts": "flake-parts",
        "nixpkgs": "nixpkgs",
        "odin-src": "odin-src",
        "ols-src": "ols-src"
      }
    }
  },
  "root": "root",
  "version": 7
}
