{
  "nodes": {
    "flake-parts": {
      "inputs": {
        "nixpkgs-lib": "nixpkgs-lib"
      },
      "locked": {
        "lastModified": 1772408722,
        "narHash": "sha256-rHuJtdcOjK7rAHpHphUb1iCvgkU3GpfvicLMwwnfMT0=",
        "owner": "hercules-ci",
        "repo": "flake-parts",
        "rev": "f20dc5d9b8027381c474144ecabc9034d6a839a3",
        "type": "github"
      },
      "original": {
        "owner": "hercules-ci",
        "repo": "flake-parts",
        "type": "github"
      }
    },
    "nixpkgs": {
      "locked": {
        "lastModified": 1774106199,
        "narHash": "sha256-US5Tda2sKmjrg2lNHQL3jRQ6p96cgfWh3J1QBliQ8Ws=",
        "owner": "NixOS",
        "repo": "nixpkgs",
        "rev": "6c9a78c09ff4d6c21d0319114873508a6ec01655",
        "type": "github"
      },
      "original": {
        "owner": "NixOS",
        "ref": "nixos-unstable",
        "repo": "nixpkgs",
        "type": "github"
      }
    },
    "nixpkgs-lib": {
      "locked": {
        "lastModified": 1772328832,
        "narHash": "sha256-e+/T/pmEkLP6BHhYjx6GmwP5ivonQQn0bJdH9YrRB+Q=",
        "owner": "nix-community",
        "repo": "nixpkgs.lib",
        "rev": "c185c7a5e5dd8f9add5b2f8ebeff00888b070742",
        "type": "github"
      },
      "original": {
        "owner": "nix-community",
        "repo": "nixpkgs.lib",
        "type": "github"
      }
    },
    "odin-src": {
      "flake": false,
      "locked": {
        "lastModified": 1782690916,
        "narHash": "sha256-VQ8mdzIiOpyJS5pJ+yQ2J3GYuEuawhi05hFzhEzq0QI=",
        "owner": "odin-lang",
        "repo": "Odin",
        "rev": "a4dcf8f5d65f940fa4261c9712e535461fec1506",
        "type": "github"
      },
      "original": {
        "owner": "odin-lang",
        "repo": "Odin",
        "type": "github"
      }
    },
    "ols-src": {
      "flake": false,
      "locked": {
        "lastModified": 1782679629,
        "narHash": "sha256-wVbVHhQ8c3qznT6eXoIJCOCfNvuviXVuKqaehEGXhvI=",
        "owner": "DanielGavin",
        "repo": "ols",
        "rev": "91f9adfb3c6aa1ab8728726f72a64af98dc0855c",
        "type": "github"
      },
      "original": {
        "owner": "DanielGavin",
        "repo": "ols",
        "type": "github"
      }
    },
    "root": {
      "inputs": {
        "flake-parts": "flake-parts",
        "nixpkgs": "nixpkgs",
        "odin-src": "odin-src",
        "ols-src": "ols-src"
      }
    }
  },
  "root": "root",
  "version": 7
}
